
Microsoft Visual Studio Solution File, Format Version 12.00
# Visual Studio Version 17
VisualStudioVersion = 17.0.31903.59
MinimumVisualStudioVersion = 10.0.40219.1
Project("{2150E333-8FDC-42A3-9474-1A3956D46DE8}") = "src", "src", "{827E0CD3-B72D-47B6-A68D-7590B98EB39B}"
EndProject
Project("{FAE04EC0-301F-11D3-BF4B-00C04F79EFBC}") = "Tansekak.Domain", "src\Tansekak.Domain\Tansekak.Domain.csproj", "{CE390B89-E644-4963-8138-9D4A22149A14}"
EndProject
Project("{FAE04EC0-301F-11D3-BF4B-00C04F79EFBC}") = "Tansekak.Application", "src\Tansekak.Application\Tansekak.Application.csproj", "{FAD56ED9-191B-4147-98D1-8F2F2272450A}"
EndProject
Project("{FAE04EC0-301F-11D3-BF4B-00C04F79EFBC}") = "Tansekak.Infrastructure", "src\Tansekak.Infrastructure\Tansekak.Infrastructure.csproj", "{8566F76B-BCBC-47C0-8AA4-597FC4EDCB16}"
EndProject
Project("{FAE04EC0-301F-11D3-BF4B-00C04F79EFBC}") = "Tansekak.Api", "src\Tansekak.Api\Tansekak.Api.csproj", "{63BBE28F-3D58-42EF-97C3-FA96C1DD7CC5}"
EndProject
Project("{2150E333-8FDC-42A3-9474-1A3956D46DE8}") = "tests", "tests", "{0AB3BF05-4346-4AA6-1389-037BE0695223}"
EndProject
Project("{FAE04EC0-301F-11D3-BF4B-00C04F79EFBC}") = "Tansekak.UnitTests", "tests\Tansekak.UnitTests\Tansekak.UnitTests.csproj", "{FC01DED6-A491-420B-93D9-339FE5B78932}"
EndProject
Project("{FAE04EC0-301F-11D3-BF4B-00C04F79EFBC}") = "Tansekak.IntegrationTests", "tests\Tansekak.IntegrationTests\Tansekak.IntegrationTests.csproj", "{54799B11-EF9E-4E7C-807B-6D4C8F70FF30}"
EndProject
Global
	GlobalSection(SolutionConfigurationPlatforms) = preSolution
		Debug|Any CPU = Debug|Any CPU
		Debug|x64 = Debug|x64
		Debug|x86 = Debug|x86
		Release|Any CPU = Release|Any CPU
		Release|x64 = Release|x64
		Release|x86 = Release|x86
	EndGlobalSection
	GlobalSection(ProjectConfigurationPlatforms) = postSolution
		{CE390B89-E644-4963-8138-9D4A22149A14}.Debug|Any CPU.ActiveCfg = Debug|Any CPU
		{CE390B89-E644-4963-8138-9D4A22149A14}.Debug|Any CPU.Build.0 = Debug|Any CPU
		{CE390B89-E644-4963-8138-9D4A22149A14}.Debug|x64.ActiveCfg = Debug|Any CPU
		{CE390B89-E644-4963-8138-9D4A22149A14}.Debug|x64.Build.0 = Debug|Any CPU
		{CE390B89-E644-4963-8138-9D4A22149A14}.Debug|x86.ActiveCfg = Debug|Any CPU
		{CE390B89-E644-4963-8138-9D4A22149A14}.Debug|x86.Build.0 = Debug|Any CPU
		{CE390B89-E644-4963-8138-9D4A22149A14}.Release|Any CPU.ActiveCfg = Release|Any CPU
		{CE390B89-E644-4963-8138-9D4A22149A14}.Release|Any CPU.Build.0 = Release|Any CPU
		{CE390B89-E644-4963-8138-9D4A22149A14}.Release|x64.ActiveCfg = Release|Any CPU
		{CE390B89-E644-4963-8138-9D4A22149A14}.Release|x64.Build.0 = Release|Any CPU
		{CE390B89-E644-4963-8138-9D4A22149A14}.Release|x86.ActiveCfg = Release|Any CPU
		{CE390B89-E644-4963-8138-9D4A22149A14}.Release|x86.Build.0 = Release|Any CPU
		{FAD56ED9-191B-4147-98D1-8F2F2272450A}.Debug|Any CPU.ActiveCfg = Debug|Any CPU
		{FAD56ED9-191B-4147-98D1-8F2F2272450A}.Debug|Any CPU.Build.0 = Debug|Any CPU
		{FAD56ED9-191B-4147-98D1-8F2F2272450A}.Debug|x64.ActiveCfg = Debug|Any CPU
		{FAD56ED9-191B-4147-98D1-8F2F2272450A}.Debug|x64.Build.0 = Debug|Any CPU
		{FAD56ED9-191B-4147-98D1-8F2F2272450A}.Debug|x86.ActiveCfg = Debug|Any CPU
		{FAD56ED9-191B-4147-98D1-8F2F2272450A}.Debug|x86.Build.0 = Debug|Any CPU
		{FAD56ED9-191B-4147-98D1-8F2F2272450A}.Release|Any CPU.ActiveCfg = Release|Any CPU
		{FAD56ED9-191B-4147-98D1-8F2F2272450A}.Release|Any CPU.Build.0 = Release|Any CPU
		{FAD56ED9-191B-4147-98D1-8F2F2272450A}.Release|x64.ActiveCfg = Release|Any CPU
		{FAD56ED9-191B-4147-98D1-8F2F2272450A}.Release|x64.Build.0 = Release|Any CPU
		{FAD56ED9-191B-4147-98D1-8F2F2272450A}.Release|x86.ActiveCfg = Release|Any CPU
		{FAD56ED9-191B-4147-98D1-8F2F2272450A}.Release|x86.Build.0 = Release|Any CPU
		{8566F76B-BCBC-47C0-8AA4-597FC4EDCB16}.Debug|Any CPU.ActiveCfg = Debug|Any CPU
		{8566F76B-BCBC-47C0-8AA4-597FC4EDCB16}.Debug|Any CPU.Build.0 = Debug|Any CPU
		{8566F76B-BCBC-47C0-8AA4-597FC4EDCB16}.Debug|x64.ActiveCfg = Debug|Any CPU
		{8566F76B-BCBC-47C0-8AA4-597FC4EDCB16}.Debug|x64.Build.0 = Debug|Any CPU
		{8566F76B-BCBC-47C0-8AA4-597FC4EDCB16}.Debug|x86.ActiveCfg = Debug|Any CPU
		{8566F76B-BCBC-47C0-8AA4-597FC4EDCB16}.Debug|x86.Build.0 = Debug|Any CPU
		{8566F76B-BCBC-47C0-8AA4-597FC4EDCB16}.Release|Any CPU.ActiveCfg = Release|Any CPU
		{8566F76B-BCBC-47C0-8AA4-597FC4EDCB16}.Release|Any CPU.Build.0 = Release|Any CPU
		{8566F76B-BCBC-47C0-8AA4-597FC4EDCB16}.Release|x64.ActiveCfg = Release|Any CPU
		{8566F76B-BCBC-47C0-8AA4-597FC4EDCB16}.Release|x64.Build.0 = Release|Any CPU
		{8566F76B-BCBC-47C0-8AA4-597FC4EDCB16}.Release|x86.ActiveCfg = Release|Any CPU
		{8566F76B-BCBC-47C0-8AA4-597FC4EDCB16}.Release|x86.Build.0 = Release|Any CPU
		{63BBE28F-3D58-42EF-97C3-FA96C1DD7CC5}.Debug|Any CPU.ActiveCfg = Debug|Any CPU
		{63BBE28F-3D58-42EF-97C3-FA96C1DD7CC5}.Debug|Any CPU.Build.0 = Debug|Any CPU
		{63BBE28F-3D58-42EF-97C3-FA96C1DD7CC5}.Debug|x64.ActiveCfg = Debug|Any CPU
		{63BBE28F-3D58-42EF-97C3-FA96C1DD7CC5}.Debug|x64.Build.0 = Debug|Any CPU
		{63BBE28F-3D58-42EF-97C3-FA96C1DD7CC5}.Debug|x86.ActiveCfg = Debug|Any CPU
		{63BBE28F-3D58-42EF-97C3-FA96C1DD7CC5}.Debug|x86.Build.0 = Debug|Any CPU
		{63BBE28F-3D58-42EF-97C3-FA96C1DD7CC5}.Release|Any CPU.ActiveCfg = Release|Any CPU
		{63BBE28F-3D58-42EF-97C3-FA96C1DD7CC5}.Release|Any CPU.Build.0 = Release|Any CPU
		{63BBE28F-3D58-42EF-97C3-FA96C1DD7CC5}.Release|x64.ActiveCfg = Release|Any CPU
		{63BBE28F-3D58-42EF-97C3-FA96C1DD7CC5}.Release|x64.Build.0 = Release|Any CPU
		{63BBE28F-3D58-42EF-97C3-FA96C1DD7CC5}.Release|x86.ActiveCfg = Release|Any CPU
		{63BBE28F-3D58-42EF-97C3-FA96C1DD7CC5}.Release|x86.Build.0 = Release|Any CPU
		{FC01DED6-A491-420B-93D9-339FE5B78932}.Debug|Any CPU.ActiveCfg = Debug|Any CPU
		{FC01DED6-A491-420B-93D9-339FE5B78932}.Debug|Any CPU.Build.0 = Debug|Any CPU
		{FC01DED6-A491-420B-93D9-339FE5B78932}.Debug|x64.ActiveCfg = Debug|Any CPU
		{FC01DED6-A491-420B-93D9-339FE5B78932}.Debug|x64.Build.0 = Debug|Any CPU
		{FC01DED6-A491-420B-93D9-339FE5B78932}.Debug|x86.ActiveCfg = Debug|Any CPU
		{FC01DED6-A491-420B-93D9-339FE5B78932}.Debug|x86.Build.0 = Debug|Any CPU
		{FC01DED6-A491-420B-93D9-339FE5B78932}.Release|Any CPU.ActiveCfg = Release|Any CPU
		{FC01DED6-A491-420B-93D9-339FE5B78932}.Release|Any CPU.Build.0 = Release|Any CPU
		{FC01DED6-A491-420B-93D9-339FE5B78932}.Release|x64.ActiveCfg = Release|Any CPU
		{FC01DED6-A491-420B-93D9-339FE5B78932}.Release|x64.Build.0 = Release|Any CPU
		{FC01DED6-A491-420B-93D9-339FE5B78932}.Release|x86.ActiveCfg = Release|Any CPU
		{FC01DED6-A491-420B-93D9-339FE5B78932}.Release|x86.Build.0 = Release|Any CPU
		{54799B11-EF9E-4E7C-807B-6D4C8F70FF30}.Debug|Any CPU.ActiveCfg = Debug|Any CPU
		{54799B11-EF9E-4E7C-807B-6D4C8F70FF30}.Debug|Any CPU.Build.0 = Debug|Any CPU
		{54799B11-EF9E-4E7C-807B-6D4C8F70FF30}.Debug|x64.ActiveCfg = Debug|Any CPU
		{54799B11-EF9E-4E7C-807B-6D4C8F70FF30}.Debug|x64.Build.0 = Debug|Any CPU
		{54799B11-EF9E-4E7C-807B-6D4C8F70FF30}.Debug|x86.ActiveCfg = Debug|Any CPU
		{54799B11-EF9E-4E7C-807B-6D4C8F70FF30}.Debug|x86.Build.0 = Debug|Any CPU
		{54799B11-EF9E-4E7C-807B-6D4C8F70FF30}.Release|Any CPU.ActiveCfg = Release|Any CPU
		{54799B11-EF9E-4E7C-807B-6D4C8F70FF30}.Release|Any CPU.Build.0 = Release|Any CPU
		{54799B11-EF9E-4E7C-807B-6D4C8F70FF30}.Release|x64.ActiveCfg = Release|Any CPU
		{54799B11-EF9E-4E7C-807B-6D4C8F70FF30}.Release|x64.Build.0 = Release|Any CPU
		{54799B11-EF9E-4E7C-807B-6D4C8F70FF30}.Release|x86.ActiveCfg = Release|Any CPU
		{54799B11-EF9E-4E7C-807B-6D4C8F70FF30}.Release|x86.Build.0 = Release|Any CPU
	EndGlobalSection
	GlobalSection(SolutionProperties) = preSolution
		HideSolutionNode = FALSE
	EndGlobalSection
	GlobalSection(NestedProjects) = preSolution
		{CE390B89-E644-4963-8138-9D4A22149A14} = {827E0CD3-B72D-47B6-A68D-7590B98EB39B}
		{FAD56ED9-191B-4147-98D1-8F2F2272450A} = {827E0CD3-B72D-47B6-A68D-7590B98EB39B}
		{8566F76B-BCBC-47C0-8AA4-597FC4EDCB16} = {827E0CD3-B72D-47B6-A68D-7590B98EB39B}
		{63BBE28F-3D58-42EF-97C3-FA96C1DD7CC5} = {827E0CD3-B72D-47B6-A68D-7590B98EB39B}
		{FC01DED6-A491-420B-93D9-339FE5B78932} = {0AB3BF05-4346-4AA6-1389-037BE0695223}
		{54799B11-EF9E-4E7C-807B-6D4C8F70FF30} = {0AB3BF05-4346-4AA6-1389-037BE0695223}
	EndGlobalSection
EndGlobal
